
Microsoft Visual Studio Solution File, Format Version 12.00
# Visual Studio Version 16
VisualStudioVersion = 16.0.31911.196
MinimumVisualStudioVersion = 10.0.40219.1
Project("{9A19103F-16F7-4668-BE54-9A1E7A4F7556}") = "Opdark.WebApi", "Opdark.WebApi\Opdark.WebApi.csproj", "{DA634947-4A72-4E75-849C-982BF8CF718B}"
EndProject
Project("{FAE04EC0-301F-11D3-BF4B-00C04F79EFBC}") = "OpdarkPortfolio.FrontEnd", "OpdarkPortfolio.FrontEnd\OpdarkPortfolio.FrontEnd.csproj", "{CA30DF98-0626-4F18-A179-7E0E837A082C}"
EndProject
Global
	GlobalSection(SolutionConfigurationPlatforms) = preSolution
		Debug|Any CPU = Debug|Any CPU
		Release|Any CPU = Release|Any CPU
	EndGlobalSection
	GlobalSection(ProjectConfigurationPlatforms) = postSolution
		{DA634947-4A72-4E75-849C-982BF8CF718B}.Debug|Any CPU.ActiveCfg = Debug|Any CPU
		{DA634947-4A72-4E75-849C-982BF8CF718B}.Debug|Any CPU.Build.0 = Debug|Any CPU
		{DA634947-4A72-4E75-849C-982BF8CF718B}.Release|Any CPU.ActiveCfg = Release|Any CPU
		{DA634947-4A72-4E75-849C-982BF8CF718B}.Release|Any CPU.Build.0 = Release|Any CPU
		{CA30DF98-0626-4F18-A179-7E0E837A082C}.Debug|Any CPU.ActiveCfg = Debug|Any CPU
		{CA30DF98-0626-4F18-A179-7E0E837A082C}.Debug|Any CPU.Build.0 = Debug|Any CPU
		{CA30DF98-0626-4F18-A179-7E0E837A082C}.Release|Any CPU.ActiveCfg = Release|Any CPU
		{CA30DF98-0626-4F18-A179-7E0E837A082C}.Release|Any CPU.Build.0 = Release|Any CPU
	EndGlobalSection
	GlobalSection(SolutionProperties) = preSolution
		HideSolutionNode = FALSE
	EndGlobalSection
	GlobalSection(ExtensibilityGlobals) = postSolution
		SolutionGuid = {C3543743-7E2B-4164-95B4-B50A56E9AFA4}
	EndGlobalSection
EndGlobal
